{
  "name": "clone",
  "lockfileVersion": 3,
  "requires": true,
  "packages": {
    "": {
      "dependencies": {
        "fund": "^1.0.0"
      }
    },
    "node_modules/fund": {
      "version": "1.0.0",
      "resolved": "https://registry.npmjs.org/fund/-/fund-1.0.0.tgz",
      "integrity": "sha512-cFPXfMSwZ0eyoksqmttlKtY45LHWs75UPeYx0mClvKeU9oqP/w13ARL5Wxv0+yKqrvW2ttMchduc3tAVZd0Mfw==",
      "license": "ISC"
    }
  }
}
